// !$*UTF8*$!
{
	archiveVersion = 1;
	classes = {
	};
	objectVersion = 50;
	objects = {

/* Begin PBXBuildFile section */
		227F6E0E27098E6500CB87FC /* MoonShotApp.swift in Sources */ = {isa = PBXBuildFile; fileRef = 227F6E0D27098E6500CB87FC /* MoonShotApp.swift */; };
		227F6E1027098E6500CB87FC /* ContentView.swift in Sources */ = {isa = PBXBuildFile; fileRef = 227F6E0F27098E6500CB87FC /* ContentView.swift */; };
		227F6E1227098E6600CB87FC /* Assets.xcassets in Resources */ = {isa = PBXBuildFile; fileRef = 227F6E1127098E6600CB87FC /* Assets.xcassets */; };
		227F6E1527098E6600CB87FC /* Preview Assets.xcassets in Resources */ = {isa = PBXBuildFile; fileRef = 227F6E1427098E6600CB87FC /* Preview Assets.xcassets */; };
		227F6E1E2709909200CB87FC /* missions.json in Resources */ = {isa = PBXBuildFile; fileRef = 227F6E1C2709909200CB87FC /* missions.json */; };
		227F6E1F2709909200CB87FC /* astronauts.json in Resources */ = {isa = PBXBuildFile; fileRef = 227F6E1D2709909200CB87FC /* astronauts.json */; };
		227F6E212709925D00CB87FC /* Astronaut.swift in Sources */ = {isa = PBXBuildFile; fileRef = 227F6E202709925D00CB87FC /* Astronaut.swift */; };
		227F6E23270992C100CB87FC /* Bundle-Decodable.swift in Sources */ = {isa = PBXBuildFile; fileRef = 227F6E22270992C100CB87FC /* Bundle-Decodable.swift */; };
		227F6E252709964800CB87FC /* Misson.swift in Sources */ = {isa = PBXBuildFile; fileRef = 227F6E242709964800CB87FC /* Misson.swift */; };
		227F6E292709DCB900CB87FC /* MissonView.swift in Sources */ = {isa = PBXBuildFile; fileRef = 227F6E282709DCB900CB87FC /* MissonView.swift */; };
		227F6E2B2709E6DB00CB87FC /* AstronautView.swift in Sources */ = {isa = PBXBuildFile; fileRef = 227F6E2A2709E6DB00CB87FC /* AstronautView.swift */; };
/* End PBXBuildFile section */

/* Begin PBXFileReference section */
		227F6E0A27098E6500CB87FC /* MoonShot.app */ = {isa = PBXFileReference; explicitFileType = wrapper.application; includeInIndex = 0; path = MoonShot.app; sourceTree = BUILT_PRODUCTS_DIR; };
		227F6E0D27098E6500CB87FC /* MoonShotApp.swift */ = {isa = PBXFileReference; lastKnownFileType = sourcecode.swift; path = MoonShotApp.swift; sourceTree = "<group>"; };
		227F6E0F27098E6500CB87FC /* ContentView.swift */ = {isa = PBXFileReference; lastKnownFileType = sourcecode.swift; path = ContentView.swift; sourceTree = "<group>"; };
		227F6E1127098E6600CB87FC /* Assets.xcassets */ = {isa = PBXFileReference; lastKnownFileType = folder.assetcatalog; path = Assets.xcassets; sourceTree = "<group>"; };
		227F6E1427098E6600CB87FC /* Preview Assets.xcassets */ = {isa = PBXFileReference; lastKnownFileType = folder.assetcatalog; path = "Preview Assets.xcassets"; sourceTree = "<group>"; };
		227F6E1627098E6600CB87FC /* Info.plist */ = {isa = PBXFileReference; lastKnownFileType = text.plist.xml; path = Info.plist; sourceTree = "<group>"; };
		227F6E1C2709909200CB87FC /* missions.json */ = {isa = PBXFileReference; fileEncoding = 4; lastKnownFileType = text.json; name = missions.json; path = "../../../HackingWithSwift/SwiftUI/project8-files/missions.json"; sourceTree = "<group>"; };
		227F6E1D2709909200CB87FC /* astronauts.json */ = {isa = PBXFileReference; fileEncoding = 4; lastKnownFileType = text.json; name = astronauts.json; path = "../../../HackingWithSwift/SwiftUI/project8-files/astronauts.json"; sourceTree = "<group>"; };
		227F6E202709925D00CB87FC /* Astronaut.swift */ = {isa = PBXFileReference; lastKnownFileType = sourcecode.swift; path = Astronaut.swift; sourceTree = "<group>"; };
		227F6E22270992C100CB87FC /* Bundle-Decodable.swift */ = {isa = PBXFileReference; lastKnownFileType = sourcecode.swift; path = "Bundle-Decodable.swift"; sourceTree = "<group>"; };
		227F6E242709964800CB87FC /* Misson.swift */ = {isa = PBXFileReference; lastKnownFileType = sourcecode.swift; path = Misson.swift; sourceTree = "<group>"; };
		227F6E282709DCB900CB87FC /* MissonView.swift */ = {isa = PBXFileReference; lastKnownFileType = sourcecode.swift; path = MissonView.swift; sourceTree = "<group>"; };
		227F6E2A2709E6DB00CB87FC /* AstronautView.swift */ = {isa = PBXFileReference; lastKnownFileType = sourcecode.swift; path = AstronautView.swift; sourceTree = "<group>"; };
/* End PBXFileReference section */

/* Begin PBXFrameworksBuildPhase section */
		227F6E0727098E6500CB87FC /* Frameworks */ = {
			isa = PBXFrameworksBuildPhase;
			buildActionMask = 2147483647;
			files = (
			);
			runOnlyForDeploymentPostprocessing = 0;
		};
/* End PBXFrameworksBuildPhase section */

/* Begin PBXGroup section */
		227F6E0127098E6500CB87FC = {
			isa = PBXGroup;
			children = (
				227F6E0C27098E6500CB87FC /* MoonShot */,
				227F6E0B27098E6500CB87FC /* Products */,
			);
			sourceTree = "<group>";
		};
		227F6E0B27098E6500CB87FC /* Products */ = {
			isa = PBXGroup;
			children = (
				227F6E0A27098E6500CB87FC /* MoonShot.app */,
			);
			name = Products;
			sourceTree = "<group>";
		};
		227F6E0C27098E6500CB87FC /* MoonShot */ = {
			isa = PBXGroup;
			children = (
				227F6E0D27098E6500CB87FC /* MoonShotApp.swift */,
				227F6E0F27098E6500CB87FC /* ContentView.swift */,
				227F6E1D2709909200CB87FC /* astronauts.json */,
				227F6E1C2709909200CB87FC /* missions.json */,
				227F6E242709964800CB87FC /* Misson.swift */,
				227F6E202709925D00CB87FC /* Astronaut.swift */,
				227F6E22270992C100CB87FC /* Bundle-Decodable.swift */,
				227F6E282709DCB900CB87FC /* MissonView.swift */,
				227F6E2A2709E6DB00CB87FC /* AstronautView.swift */,
				227F6E1127098E6600CB87FC /* Assets.xcassets */,
				227F6E1627098E6600CB87FC /* Info.plist */,
				227F6E1327098E6600CB87FC /* Preview Content */,
			);
			path = MoonShot;
			sourceTree = "<group>";
		};
		227F6E1327098E6600CB87FC /* Preview Content */ = {
			isa = PBXGroup;
			children = (
				227F6E1427098E6600CB87FC /* Preview Assets.xcassets */,
			);
			path = "Preview Content";
			sourceTree = "<group>";
		};
/* End PBXGroup section */

/* Begin PBXNativeTarget section */
		227F6E0927098E6500CB87FC /* MoonShot */ = {
			isa = PBXNativeTarget;
			buildConfigurationList = 227F6E1927098E6600CB87FC /* Build configuration list for PBXNativeTarget "MoonShot" */;
			buildPhases = (
				227F6E0627098E6500CB87FC /* Sources */,
				227F6E0727098E6500CB87FC /* Frameworks */,
				227F6E0827098E6500CB87FC /* Resources */,
			);
			buildRules = (
			);
			dependencies = (
			);
			name = MoonShot;
			productName = MoonShot;
			productReference = 227F6E0A27098E6500CB87FC /* MoonShot.app */;
			productType = "com.apple.product-type.application";
		};
/* End PBXNativeTarget section */

/* Begin PBXProject section */
		227F6E0227098E6500CB87FC /* Project object */ = {
			isa = PBXProject;
			attributes = {
				LastSwiftUpdateCheck = 1250;
				LastUpgradeCheck = 1250;
				TargetAttributes = {
					227F6E0927098E6500CB87FC = {
						CreatedOnToolsVersion = 12.5.1;
					};
				};
			};
			buildConfigurationList = 227F6E0527098E6500CB87FC /* Build configuration list for PBXProject "MoonShot" */;
			compatibilityVersion = "Xcode 9.3";
			developmentRegion = en;
			hasScannedForEncodings = 0;
			knownRegions = (
				en,
				Base,
			);
			mainGroup = 227F6E0127098E6500CB87FC;
			productRefGroup = 227F6E0B27098E6500CB87FC /* Products */;
			projectDirPath = "";
			projectRoot = "";
			targets = (
				227F6E0927098E6500CB87FC /* MoonShot */,
			);
		};
/* End PBXProject section */

/* Begin PBXResourcesBuildPhase section */
		227F6E0827098E6500CB87FC /* Resources */ = {
			isa = PBXResourcesBuildPhase;
			buildActionMask = 2147483647;
			files = (
				227F6E1527098E6600CB87FC /* Preview Assets.xcassets in Resources */,
				227F6E1E2709909200CB87FC /* missions.json in Resources */,
				227F6E1227098E6600CB87FC /* Assets.xcassets in Resources */,
				227F6E1F2709909200CB87FC /* astronauts.json in Resources */,
			);
			runOnlyForDeploymentPostprocessing = 0;
		};
/* End PBXResourcesBuildPhase section */

/* Begin PBXSourcesBuildPhase section */
		227F6E0627098E6500CB87FC /* Sources */ = {
			isa = PBXSourcesBuildPhase;
			buildActionMask = 2147483647;
			files = (
				227F6E2B2709E6DB00CB87FC /* AstronautView.swift in Sources */,
				227F6E252709964800CB87FC /* Misson.swift in Sources */,
				227F6E212709925D00CB87FC /* Astronaut.swift in Sources */,
				227F6E1027098E6500CB87FC /* ContentView.swift in Sources */,
				227F6E292709DCB900CB87FC /* MissonView.swift in Sources */,
				227F6E0E27098E6500CB87FC /* MoonShotApp.swift in Sources */,
				227F6E23270992C100CB87FC /* Bundle-Decodable.swift in Sources */,
			);
			runOnlyForDeploymentPostprocessing = 0;
		};
/* End PBXSourcesBuildPhase section */

/* Begin XCBuildConfiguration section */
		227F6E1727098E6600CB87FC /* Debug */ = {
			isa = XCBuildConfiguration;
			buildSettings = {
				ALWAYS_SEARCH_USER_PATHS = NO;
				CLANG_ANALYZER_NONNULL = YES;
				CLANG_ANALYZER_NUMBER_OBJECT_CONVERSION = YES_AGGRESSIVE;
				CLANG_CXX_LANGUAGE_STANDARD = "gnu++14";
				CLANG_CXX_LIBRARY = "libc++";
				CLANG_ENABLE_MODULES = YES;
				CLANG_ENABLE_OBJC_ARC = YES;
				CLANG_ENABLE_OBJC_WEAK = YES;
				CLANG_WARN_BLOCK_CAPTURE_AUTORELEASING = YES;
				CLANG_WARN_BOOL_CONVERSION = YES;
				CLANG_WARN_COMMA = YES;
				CLANG_WARN_CONSTANT_CONVERSION = YES;
				CLANG_WARN_DEPRECATED_OBJC_IMPLEMENTATIONS = YES;
				CLANG_WARN_DIRECT_OBJC_ISA_USAGE = YES_ERROR;
				CLANG_WARN_DOCUMENTATION_COMMENTS = YES;
				CLANG_WARN_EMPTY_BODY = YES;
				CLANG_WARN_ENUM_CONVERSION = YES;
				CLANG_WARN_INFINITE_RECURSION = YES;
				CLANG_WARN_INT_CONVERSION = YES;
				CLANG_WARN_NON_LITERAL_NULL_CONVERSION = YES;
				CLANG_WARN_OBJC_IMPLICIT_RETAIN_SELF = YES;
				CLANG_WARN_OBJC_LITERAL_CONVERSION = YES;
				CLANG_WARN_OBJC_ROOT_CLASS = YES_ERROR;
				CLANG_WARN_QUOTED_INCLUDE_IN_FRAMEWORK_HEADER = YES;
				CLANG_WARN_RANGE_LOOP_ANALYSIS = YES;
				CLANG_WARN_STRICT_PROTOTYPES = YES;
				CLANG_WARN_SUSPICIOUS_MOVE = YES;
				CLANG_WARN_UNGUARDED_AVAILABILITY = YES_AGGRESSIVE;
				CLANG_WARN_UNREACHABLE_CODE = YES;
				CLANG_WARN__DUPLICATE_METHOD_MATCH = YES;
				COPY_PHASE_STRIP = NO;
				DEBUG_INFORMATION_FORMAT = dwarf;
				ENABLE_STRICT_OBJC_MSGSEND = YES;
				ENABLE_TESTABILITY = YES;
				GCC_C_LANGUAGE_STANDARD = gnu11;
				GCC_DYNAMIC_NO_PIC = NO;
				GCC_NO_COMMON_BLOCKS = YES;
				GCC_OPTIMIZATION_LEVEL = 0;
				GCC_PREPROCESSOR_DEFINITIONS = (
					"DEBUG=1",
					"$(inherited)",
				);
				GCC_WARN_64_TO_32_BIT_CONVERSION = YES;
				GCC_WARN_ABOUT_RETURN_TYPE = YES_ERROR;
				GCC_WARN_UNDECLARED_SELECTOR = YES;
				GCC_WARN_UNINITIALIZED_AUTOS = YES_AGGRESSIVE;
				GCC_WARN_UNUSED_FUNCTION = YES;
				GCC_WARN_UNUSED_VARIABLE = YES;
				IPHONEOS_DEPLOYMENT_TARGET = 14.5;
				MTL_ENABLE_DEBUG_INFO = INCLUDE_SOURCE;
				MTL_FAST_MATH = YES;
				ONLY_ACTIVE_ARCH = YES;
				SDKROOT = iphoneos;
				SWIFT_ACTIVE_COMPILATION_CONDITIONS = DEBUG;
				SWIFT_OPTIMIZATION_LEVEL = "-Onone";
			};
			name = Debug;
		};
		227F6E1827098E6600CB87FC /* Release */ = {
			isa = XCBuildConfiguration;
			buildSettings = {
				ALWAYS_SEARCH_USER_PATHS = NO;
				CLANG_ANALYZER_NONNULL = YES;
				CLANG_ANALYZER_NUMBER_OBJECT_CONVERSION = YES_AGGRESSIVE;
				CLANG_CXX_LANGUAGE_STANDARD = "gnu++14";
				CLANG_CXX_LIBRARY = "libc++";
				CLANG_ENABLE_MODULES = YES;
				CLANG_ENABLE_OBJC_ARC = YES;
				CLANG_ENABLE_OBJC_WEAK = YES;
				CLANG_WARN_BLOCK_CAPTURE_AUTORELEASING = YES;
				CLANG_WARN_BOOL_CONVERSION = YES;
				CLANG_WARN_COMMA = YES;
				CLANG_WARN_CONSTANT_CONVERSION = YES;
				CLANG_WARN_DEPRECATED_OBJC_IMPLEMENTATIONS = YES;
				CLANG_WARN_DIRECT_OBJC_ISA_USAGE = YES_ERROR;
				CLANG_WARN_DOCUMENTATION_COMMENTS = YES;
				CLANG_WARN_EMPTY_BODY = YES;
				CLANG_WARN_ENUM_CONVERSION = YES;
				CLANG_WARN_INFINITE_RECURSION = YES;
				CLANG_WARN_INT_CONVERSION = YES;
				CLANG_WARN_NON_LITERAL_NULL_CONVERSION = YES;
				CLANG_WARN_OBJC_IMPLICIT_RETAIN_SELF = YES;
				CLANG_WARN_OBJC_LITERAL_CONVERSION = YES;
				CLANG_WARN_OBJC_ROOT_CLASS = YES_ERROR;
				CLANG_WARN_QUOTED_INCLUDE_IN_FRAMEWORK_HEADER = YES;
				CLANG_WARN_RANGE_LOOP_ANALYSIS = YES;
				CLANG_WARN_STRICT_PROTOTYPES = YES;
				CLANG_WARN_SUSPICIOUS_MOVE = YES;
				CLANG_WARN_UNGUARDED_AVAILABILITY = YES_AGGRESSIVE;
				CLANG_WARN_UNREACHABLE_CODE = YES;
				CLANG_WARN__DUPLICATE_METHOD_MATCH = YES;
				COPY_PHASE_STRIP = NO;
				DEBUG_INFORMATION_FORMAT = "dwarf-with-dsym";
				ENABLE_NS_ASSERTIONS = NO;
				ENABLE_STRICT_OBJC_MSGSEND = YES;
				GCC_C_LANGUAGE_STANDARD = gnu11;
				GCC_NO_COMMON_BLOCKS = YES;
				GCC_WARN_64_TO_32_BIT_CONVERSION = YES;
				GCC_WARN_ABOUT_RETURN_TYPE = YES_ERROR;
				GCC_WARN_UNDECLARED_SELECTOR = YES;
				GCC_WARN_UNINITIALIZED_AUTOS = YES_AGGRESSIVE;
				GCC_WARN_UNUSED_FUNCTION = YES;
				GCC_WARN_UNUSED_VARIABLE = YES;
				IPHONEOS_DEPLOYMENT_TARGET = 14.5;
				MTL_ENABLE_DEBUG_INFO = NO;
				MTL_FAST_MATH = YES;
				SDKROOT = iphoneos;
				SWIFT_COMPILATION_MODE = wholemodule;
				SWIFT_OPTIMIZATION_LEVEL = "-O";
				VALIDATE_PRODUCT = YES;
			};
			name = Release;
		};
		227F6E1A27098E6600CB87FC /* Debug */ = {
			isa = XCBuildConfiguration;
			buildSettings = {
				ASSETCATALOG_COMPILER_APPICON_NAME = AppIcon;
				ASSETCATALOG_COMPILER_GLOBAL_ACCENT_COLOR_NAME = AccentColor;
				CODE_SIGN_STYLE = Automatic;
				DEVELOPMENT_ASSET_PATHS = "\"MoonShot/Preview Content\"";
				DEVELOPMENT_TEAM = 9WK5FXP8MA;
				ENABLE_PREVIEWS = YES;
				INFOPLIST_FILE = MoonShot/Info.plist;
				IPHONEOS_DEPLOYMENT_TARGET = 14.0;
				LD_RUNPATH_SEARCH_PATHS = (
					"$(inherited)",
					"@executable_path/Frameworks",
				);
				PRODUCT_BUNDLE_IDENTIFIER = com.sreeganesh.MoonShot;
				PRODUCT_NAME = "$(TARGET_NAME)";
				SWIFT_VERSION = 5.0;
				TARGETED_DEVICE_FAMILY = "1,2";
			};
			name = Debug;
		};
		227F6E1B27098E6600CB87FC /* Release */ = {
			isa = XCBuildConfiguration;
			buildSettings = {
				ASSETCATALOG_COMPILER_APPICON_NAME = AppIcon;
				ASSETCATALOG_COMPILER_GLOBAL_ACCENT_COLOR_NAME = AccentColor;
				CODE_SIGN_STYLE = Automatic;
				DEVELOPMENT_ASSET_PATHS = "\"MoonShot/Preview Content\"";
				DEVELOPMENT_TEAM = 9WK5FXP8MA;
				ENABLE_PREVIEWS = YES;
				INFOPLIST_FILE = MoonShot/Info.plist;
				IPHONEOS_DEPLOYMENT_TARGET = 14.0;
				LD_RUNPATH_SEARCH_PATHS = (
					"$(inherited)",
					"@executable_path/Frameworks",
				);
				PRODUCT_BUNDLE_IDENTIFIER = com.sreeganesh.MoonShot;
				PRODUCT_NAME = "$(TARGET_NAME)";
				SWIFT_VERSION = 5.0;
				TARGETED_DEVICE_FAMILY = "1,2";
			};
			name = Release;
		};
/* End XCBuildConfiguration section */

/* Begin XCConfigurationList section */
		227F6E0527098E6500CB87FC /* Build configuration list for PBXProject "MoonShot" */ = {
			isa = XCConfigurationList;
			buildConfigurations = (
				227F6E1727098E6600CB87FC /* Debug */,
				227F6E1827098E6600CB87FC /* Release */,
			);
			defaultConfigurationIsVisible = 0;
			defaultConfigurationName = Release;
		};
		227F6E1927098E6600CB87FC /* Build configuration list for PBXNativeTarget "MoonShot" */ = {
			isa = XCConfigurationList;
			buildConfigurations = (
				227F6E1A27098E6600CB87FC /* Debug */,
				227F6E1B27098E6600CB87FC /* Release */,
			);
			defaultConfigurationIsVisible = 0;
			defaultConfigurationName = Release;
		};
/* End XCConfigurationList section */
	};
	rootObject = 227F6E0227098E6500CB87FC /* Project object */;
}
